
Microsoft Visual Studio Solution File, Format Version 12.00
# Visual Studio Version 17
VisualStudioVersion = 17.0.31903.59
MinimumVisualStudioVersion = 10.0.40219.1
Project("{FAE04EC0-301F-11D3-BF4B-00C04F79EFBC}") = "Pepsi.API", "Pepsi.API\Pepsi.API.csproj", "{FD4E2DB7-C8AC-47BA-857F-D0CF635BABAF}"
EndProject
Project("{FAE04EC0-301F-11D3-BF4B-00C04F79EFBC}") = "Pepsi.Core", "Pepsi.Core\Pepsi.Core.csproj", "{0398C14E-432C-420A-A3A1-953920BE2C10}"
EndProject
Project("{FAE04EC0-301F-11D3-BF4B-00C04F79EFBC}") = "Pepsi.Infrastructure", "Pepsi.Infrastructure\Pepsi.Infrastructure.csproj", "{952726CD-91A8-4A54-927A-7E6DF8DBF2D3}"
EndProject
Project("{FAE04EC0-301F-11D3-BF4B-00C04F79EFBC}") = "Pepsi.Tests", "Pepsi.Tests\Pepsi.Tests.csproj", "{6A14DD13-73C1-4906-A041-EA036C05459F}"
EndProject
Global
	GlobalSection(SolutionConfigurationPlatforms) = preSolution
		Debug|Any CPU = Debug|Any CPU
		Release|Any CPU = Release|Any CPU
	EndGlobalSection
	GlobalSection(SolutionProperties) = preSolution
		HideSolutionNode = FALSE
	EndGlobalSection
	GlobalSection(ProjectConfigurationPlatforms) = postSolution
		{FD4E2DB7-C8AC-47BA-857F-D0CF635BABAF}.Debug|Any CPU.ActiveCfg = Debug|Any CPU
		{FD4E2DB7-C8AC-47BA-857F-D0CF635BABAF}.Debug|Any CPU.Build.0 = Debug|Any CPU
		{FD4E2DB7-C8AC-47BA-857F-D0CF635BABAF}.Release|Any CPU.ActiveCfg = Release|Any CPU
		{FD4E2DB7-C8AC-47BA-857F-D0CF635BABAF}.Release|Any CPU.Build.0 = Release|Any CPU
		{0398C14E-432C-420A-A3A1-953920BE2C10}.Debug|Any CPU.ActiveCfg = Debug|Any CPU
		{0398C14E-432C-420A-A3A1-953920BE2C10}.Debug|Any CPU.Build.0 = Debug|Any CPU
		{0398C14E-432C-420A-A3A1-953920BE2C10}.Release|Any CPU.ActiveCfg = Release|Any CPU
		{0398C14E-432C-420A-A3A1-953920BE2C10}.Release|Any CPU.Build.0 = Release|Any CPU
		{952726CD-91A8-4A54-927A-7E6DF8DBF2D3}.Debug|Any CPU.ActiveCfg = Debug|Any CPU
		{952726CD-91A8-4A54-927A-7E6DF8DBF2D3}.Debug|Any CPU.Build.0 = Debug|Any CPU
		{952726CD-91A8-4A54-927A-7E6DF8DBF2D3}.Release|Any CPU.ActiveCfg = Release|Any CPU
		{952726CD-91A8-4A54-927A-7E6DF8DBF2D3}.Release|Any CPU.Build.0 = Release|Any CPU
		{6A14DD13-73C1-4906-A041-EA036C05459F}.Debug|Any CPU.ActiveCfg = Debug|Any CPU
		{6A14DD13-73C1-4906-A041-EA036C05459F}.Debug|Any CPU.Build.0 = Debug|Any CPU
		{6A14DD13-73C1-4906-A041-EA036C05459F}.Release|Any CPU.ActiveCfg = Release|Any CPU
		{6A14DD13-73C1-4906-A041-EA036C05459F}.Release|Any CPU.Build.0 = Release|Any CPU
	EndGlobalSection
EndGlobal
